// !$*UTF8*$!
{
	archiveVersion = 1;
	classes = {
	};
	objectVersion = 46;
	objects = {

/* Begin PBXBuildFile section */
		EF7BB7D31B92321B007B5FF7 /* main.m in Sources */ = {isa = PBXBuildFile; fileRef = EF7BB7D21B92321B007B5FF7 /* main.m */; };
		EF7BB7D61B92321B007B5FF7 /* AppDelegate.m in Sources */ = {isa = PBXBuildFile; fileRef = EF7BB7D51B92321B007B5FF7 /* AppDelegate.m */; };
		EF7BB7D91B92321B007B5FF7 /* ViewController.m in Sources */ = {isa = PBXBuildFile; fileRef = EF7BB7D81B92321B007B5FF7 /* ViewController.m */; };
		EF7BB7DC1B92321B007B5FF7 /* Main.storyboard in Resources */ = {isa = PBXBuildFile; fileRef = EF7BB7DA1B92321B007B5FF7 /* Main.storyboard */; };
		EF7BB7DE1B92321B007B5FF7 /* Images.xcassets in Resources */ = {isa = PBXBuildFile; fileRef = EF7BB7DD1B92321B007B5FF7 /* Images.xcassets */; };
		EF7BB7E11B92321B007B5FF7 /* LaunchScreen.xib in Resources */ = {isa = PBXBuildFile; fileRef = EF7BB7DF1B92321B007B5FF7 /* LaunchScreen.xib */; };
		EF7BB7ED1B92321B007B5FF7 /* FlappyBirdAppTests.m in Sources */ = {isa = PBXBuildFile; fileRef = EF7BB7EC1B92321B007B5FF7 /* FlappyBirdAppTests.m */; };
/* End PBXBuildFile section */

/* Begin PBXContainerItemProxy section */
		EF7BB7E71B92321B007B5FF7 /* PBXContainerItemProxy */ = {
			isa = PBXContainerItemProxy;
			containerPortal = EF7BB7C51B92321B007B5FF7 /* Project object */;
			proxyType = 1;
			remoteGlobalIDString = EF7BB7CC1B92321B007B5FF7;
			remoteInfo = FlappyBirdApp;
		};
/* End PBXContainerItemProxy section */

/* Begin PBXFileReference section */
		EF7BB7CD1B92321B007B5FF7 /* FlappyBirdApp.app */ = {isa = PBXFileReference; explicitFileType = wrapper.application; includeInIndex = 0; path = FlappyBirdApp.app; sourceTree = BUILT_PRODUCTS_DIR; };
		EF7BB7D11B92321B007B5FF7 /* Info.plist */ = {isa = PBXFileReference; lastKnownFileType = text.plist.xml; path = Info.plist; sourceTree = "<group>"; };
		EF7BB7D21B92321B007B5FF7 /* main.m */ = {isa = PBXFileReference; lastKnownFileType = sourcecode.c.objc; path = main.m; sourceTree = "<group>"; };
		EF7BB7D41B92321B007B5FF7 /* AppDelegate.h */ = {isa = PBXFileReference; lastKnownFileType = sourcecode.c.h; path = AppDelegate.h; sourceTree = "<group>"; };
		EF7BB7D51B92321B007B5FF7 /* AppDelegate.m */ = {isa = PBXFileReference; lastKnownFileType = sourcecode.c.objc; path = AppDelegate.m; sourceTree = "<group>"; };
		EF7BB7D71B92321B007B5FF7 /* ViewController.h */ = {isa = PBXFileReference; lastKnownFileType = sourcecode.c.h; path = ViewController.h; sourceTree = "<group>"; };
		EF7BB7D81B92321B007B5FF7 /* ViewController.m */ = {isa = PBXFileReference; lastKnownFileType = sourcecode.c.objc; path = ViewController.m; sourceTree = "<group>"; };
		EF7BB7DB1B92321B007B5FF7 /* Base */ = {isa = PBXFileReference; lastKnownFileType = file.storyboard; name = Base; path = Base.lproj/Main.storyboard; sourceTree = "<group>"; };
		EF7BB7DD1B92321B007B5FF7 /* Images.xcassets */ = {isa = PBXFileReference; lastKnownFileType = folder.assetcatalog; path = Images.xcassets; sourceTree = "<group>"; };
		EF7BB7E01B92321B007B5FF7 /* Base */ = {isa = PBXFileReference; lastKnownFileType = file.xib; name = Base; path = Base.lproj/LaunchScreen.xib; sourceTree = "<group>"; };
		EF7BB7E61B92321B007B5FF7 /* FlappyBirdAppTests.xctest */ = {isa = PBXFileReference; explicitFileType = wrapper.cfbundle; includeInIndex = 0; path = FlappyBirdAppTests.xctest; sourceTree = BUILT_PRODUCTS_DIR; };
		EF7BB7EB1B92321B007B5FF7 /* Info.plist */ = {isa = PBXFileReference; lastKnownFileType = text.plist.xml; path = Info.plist; sourceTree = "<group>"; };
		EF7BB7EC1B92321B007B5FF7 /* FlappyBirdAppTests.m */ = {isa = PBXFileReference; lastKnownFileType = sourcecode.c.objc; path = FlappyBirdAppTests.m; sourceTree = "<group>"; };
/* End PBXFileReference section */

/* Begin PBXFrameworksBuildPhase section */
		EF7BB7CA1B92321B007B5FF7 /* Frameworks */ = {
			isa = PBXFrameworksBuildPhase;
			buildActionMask = 2147483647;
			files = (
			);
			runOnlyForDeploymentPostprocessing = 0;
		};
		EF7BB7E31B92321B007B5FF7 /* Frameworks */ = {
			isa = PBXFrameworksBuildPhase;
			buildActionMask = 2147483647;
			files = (
			);
			runOnlyForDeploymentPostprocessing = 0;
		};
/* End PBXFrameworksBuildPhase section */

/* Begin PBXGroup section */
		EF7BB7C41B92321B007B5FF7 = {
			isa = PBXGroup;
			children = (
				EF7BB7CF1B92321B007B5FF7 /* FlappyBirdApp */,
				EF7BB7E91B92321B007B5FF7 /* FlappyBirdAppTests */,
				EF7BB7CE1B92321B007B5FF7 /* Products */,
			);
			sourceTree = "<group>";
		};
		EF7BB7CE1B92321B007B5FF7 /* Products */ = {
			isa = PBXGroup;
			children = (
				EF7BB7CD1B92321B007B5FF7 /* FlappyBirdApp.app */,
				EF7BB7E61B92321B007B5FF7 /* FlappyBirdAppTests.xctest */,
			);
			name = Products;
			sourceTree = "<group>";
		};
		EF7BB7CF1B92321B007B5FF7 /* FlappyBirdApp */ = {
			isa = PBXGroup;
			children = (
				EF7BB7D41B92321B007B5FF7 /* AppDelegate.h */,
				EF7BB7D51B92321B007B5FF7 /* AppDelegate.m */,
				EF7BB7D71B92321B007B5FF7 /* ViewController.h */,
				EF7BB7D81B92321B007B5FF7 /* ViewController.m */,
				EF7BB7DA1B92321B007B5FF7 /* Main.storyboard */,
				EF7BB7DD1B92321B007B5FF7 /* Images.xcassets */,
				EF7BB7DF1B92321B007B5FF7 /* LaunchScreen.xib */,
				EF7BB7D01B92321B007B5FF7 /* Supporting Files */,
			);
			path = FlappyBirdApp;
			sourceTree = "<group>";
		};
		EF7BB7D01B92321B007B5FF7 /* Supporting Files */ = {
			isa = PBXGroup;
			children = (
				EF7BB7D11B92321B007B5FF7 /* Info.plist */,
				EF7BB7D21B92321B007B5FF7 /* main.m */,
			);
			name = "Supporting Files";
			sourceTree = "<group>";
		};
		EF7BB7E91B92321B007B5FF7 /* FlappyBirdAppTests */ = {
			isa = PBXGroup;
			children = (
				EF7BB7EC1B92321B007B5FF7 /* FlappyBirdAppTests.m */,
				EF7BB7EA1B92321B007B5FF7 /* Supporting Files */,
			);
			path = FlappyBirdAppTests;
			sourceTree = "<group>";
		};
		EF7BB7EA1B92321B007B5FF7 /* Supporting Files */ = {
			isa = PBXGroup;
			children = (
				EF7BB7EB1B92321B007B5FF7 /* Info.plist */,
			);
			name = "Supporting Files";
			sourceTree = "<group>";
		};
/* End PBXGroup section */

/* Begin PBXNativeTarget section */
		EF7BB7CC1B92321B007B5FF7 /* FlappyBirdApp */ = {
			isa = PBXNativeTarget;
			buildConfigurationList = EF7BB7F01B92321B007B5FF7 /* Build configuration list for PBXNativeTarget "FlappyBirdApp" */;
			buildPhases = (
				EF7BB7C91B92321B007B5FF7 /* Sources */,
				EF7BB7CA1B92321B007B5FF7 /* Frameworks */,
				EF7BB7CB1B92321B007B5FF7 /* Resources */,
			);
			buildRules = (
			);
			dependencies = (
			);
			name = FlappyBirdApp;
			productName = FlappyBirdApp;
			productReference = EF7BB7CD1B92321B007B5FF7 /* FlappyBirdApp.app */;
			productType = "com.apple.product-type.application";
		};
		EF7BB7E51B92321B007B5FF7 /* FlappyBirdAppTests */ = {
			isa = PBXNativeTarget;
			buildConfigurationList = EF7BB7F31B92321B007B5FF7 /* Build configuration list for PBXNativeTarget "FlappyBirdAppTests" */;
			buildPhases = (
				EF7BB7E21B92321B007B5FF7 /* Sources */,
				EF7BB7E31B92321B007B5FF7 /* Frameworks */,
				EF7BB7E41B92321B007B5FF7 /* Resources */,
			);
			buildRules = (
			);
			dependencies = (
				EF7BB7E81B92321B007B5FF7 /* PBXTargetDependency */,
			);
			name = FlappyBirdAppTests;
			productName = FlappyBirdAppTests;
			productReference = EF7BB7E61B92321B007B5FF7 /* FlappyBirdAppTests.xctest */;
			productType = "com.apple.product-type.bundle.unit-test";
		};
/* End PBXNativeTarget section */

/* Begin PBXProject section */
		EF7BB7C51B92321B007B5FF7 /* Project object */ = {
			isa = PBXProject;
			attributes = {
				LastUpgradeCheck = 0640;
				ORGANIZATIONNAME = "Brett Alan Macy";
				TargetAttributes = {
					EF7BB7CC1B92321B007B5FF7 = {
						CreatedOnToolsVersion = 6.4;
					};
					EF7BB7E51B92321B007B5FF7 = {
						CreatedOnToolsVersion = 6.4;
						TestTargetID = EF7BB7CC1B92321B007B5FF7;
					};
				};
			};
			buildConfigurationList = EF7BB7C81B92321B007B5FF7 /* Build configuration list for PBXProject "FlappyBirdApp" */;
			compatibilityVersion = "Xcode 3.2";
			developmentRegion = English;
			hasScannedForEncodings = 0;
			knownRegions = (
				en,
				Base,
			);
			mainGroup = EF7BB7C41B92321B007B5FF7;
			productRefGroup = EF7BB7CE1B92321B007B5FF7 /* Products */;
			projectDirPath = "";
			projectRoot = "";
			targets = (
				EF7BB7CC1B92321B007B5FF7 /* FlappyBirdApp */,
				EF7BB7E51B92321B007B5FF7 /* FlappyBirdAppTests */,
			);
		};
/* End PBXProject section */

/* Begin PBXResourcesBuildPhase section */
		EF7BB7CB1B92321B007B5FF7 /* Resources */ = {
			isa = PBXResourcesBuildPhase;
			buildActionMask = 2147483647;
			files = (
				EF7BB7DC1B92321B007B5FF7 /* Main.storyboard in Resources */,
				EF7BB7E11B92321B007B5FF7 /* LaunchScreen.xib in Resources */,
				EF7BB7DE1B92321B007B5FF7 /* Images.xcassets in Resources */,
			);
			runOnlyForDeploymentPostprocessing = 0;
		};
		EF7BB7E41B92321B007B5FF7 /* Resources */ = {
			isa = PBXResourcesBuildPhase;
			buildActionMask = 2147483647;
			files = (
			);
			runOnlyForDeploymentPostprocessing = 0;
		};
/* End PBXResourcesBuildPhase section */

/* Begin PBXSourcesBuildPhase section */
		EF7BB7C91B92321B007B5FF7 /* Sources */ = {
			isa = PBXSourcesBuildPhase;
			buildActionMask = 2147483647;
			files = (
				EF7BB7D91B92321B007B5FF7 /* ViewController.m in Sources */,
				EF7BB7D61B92321B007B5FF7 /* AppDelegate.m in Sources */,
				EF7BB7D31B92321B007B5FF7 /* main.m in Sources */,
			);
			runOnlyForDeploymentPostprocessing = 0;
		};
		EF7BB7E21B92321B007B5FF7 /* Sources */ = {
			isa = PBXSourcesBuildPhase;
			buildActionMask = 2147483647;
			files = (
				EF7BB7ED1B92321B007B5FF7 /* FlappyBirdAppTests.m in Sources */,
			);
			runOnlyForDeploymentPostprocessing = 0;
		};
/* End PBXSourcesBuildPhase section */

/* Begin PBXTargetDependency section */
		EF7BB7E81B92321B007B5FF7 /* PBXTargetDependency */ = {
			isa = PBXTargetDependency;
			target = EF7BB7CC1B92321B007B5FF7 /* FlappyBirdApp */;
			targetProxy = EF7BB7E71B92321B007B5FF7 /* PBXContainerItemProxy */;
		};
/* End PBXTargetDependency section */

/* Begin PBXVariantGroup section */
		EF7BB7DA1B92321B007B5FF7 /* Main.storyboard */ = {
			isa = PBXVariantGroup;
			children = (
				EF7BB7DB1B92321B007B5FF7 /* Base */,
			);
			name = Main.storyboard;
			sourceTree = "<group>";
		};
		EF7BB7DF1B92321B007B5FF7 /* LaunchScreen.xib */ = {
			isa = PBXVariantGroup;
			children = (
				EF7BB7E01B92321B007B5FF7 /* Base */,
			);
			name = LaunchScreen.xib;
			sourceTree = "<group>";
		};
/* End PBXVariantGroup section */

/* Begin XCBuildConfiguration section */
		EF7BB7EE1B92321B007B5FF7 /* Debug */ = {
			isa = XCBuildConfiguration;
			buildSettings = {
				ALWAYS_SEARCH_USER_PATHS = NO;
				CLANG_CXX_LANGUAGE_STANDARD = "gnu++0x";
				CLANG_CXX_LIBRARY = "libc++";
				CLANG_ENABLE_MODULES = YES;
				CLANG_ENABLE_OBJC_ARC = YES;
				CLANG_WARN_BOOL_CONVERSION = YES;
				CLANG_WARN_CONSTANT_CONVERSION = YES;
				CLANG_WARN_DIRECT_OBJC_ISA_USAGE = YES_ERROR;
				CLANG_WARN_EMPTY_BODY = YES;
				CLANG_WARN_ENUM_CONVERSION = YES;
				CLANG_WARN_INT_CONVERSION = YES;
				CLANG_WARN_OBJC_ROOT_CLASS = YES_ERROR;
				CLANG_WARN_UNREACHABLE_CODE = YES;
				CLANG_WARN__DUPLICATE_METHOD_MATCH = YES;
				"CODE_SIGN_IDENTITY[sdk=iphoneos*]" = "iPhone Developer";
				COPY_PHASE_STRIP = NO;
				DEBUG_INFORMATION_FORMAT = "dwarf-with-dsym";
				ENABLE_STRICT_OBJC_MSGSEND = YES;
				GCC_C_LANGUAGE_STANDARD = gnu99;
				GCC_DYNAMIC_NO_PIC = NO;
				GCC_NO_COMMON_BLOCKS = YES;
				GCC_OPTIMIZATION_LEVEL = 0;
				GCC_PREPROCESSOR_DEFINITIONS = (
					"DEBUG=1",
					"$(inherited)",
				);
				GCC_SYMBOLS_PRIVATE_EXTERN = NO;
				GCC_WARN_64_TO_32_BIT_CONVERSION = YES;
				GCC_WARN_ABOUT_RETURN_TYPE = YES_ERROR;
				GCC_WARN_UNDECLARED_SELECTOR = YES;
				GCC_WARN_UNINITIALIZED_AUTOS = YES_AGGRESSIVE;
				GCC_WARN_UNUSED_FUNCTION = YES;
				GCC_WARN_UNUSED_VARIABLE = YES;
				IPHONEOS_DEPLOYMENT_TARGET = 8.4;
				MTL_ENABLE_DEBUG_INFO = YES;
				ONLY_ACTIVE_ARCH = YES;
				SDKROOT = iphoneos;
			};
			name = Debug;
		};
		EF7BB7EF1B92321B007B5FF7 /* Release */ = {
			isa = XCBuildConfiguration;
			buildSettings = {
				ALWAYS_SEARCH_USER_PATHS = NO;
				CLANG_CXX_LANGUAGE_STANDARD = "gnu++0x";
				CLANG_CXX_LIBRARY = "libc++";
				CLANG_ENABLE_MODULES = YES;
				CLANG_ENABLE_OBJC_ARC = YES;
				CLANG_WARN_BOOL_CONVERSION = YES;
				CLANG_WARN_CONSTANT_CONVERSION = YES;
				CLANG_WARN_DIRECT_OBJC_ISA_USAGE = YES_ERROR;
				CLANG_WARN_EMPTY_BODY = YES;
				CLANG_WARN_ENUM_CONVERSION = YES;
				CLANG_WARN_INT_CONVERSION = YES;
				CLANG_WARN_OBJC_ROOT_CLASS = YES_ERROR;
				CLANG_WARN_UNREACHABLE_CODE = YES;
				CLANG_WARN__DUPLICATE_METHOD_MATCH = YES;
				"CODE_SIGN_IDENTITY[sdk=iphoneos*]" = "iPhone Developer";
				COPY_PHASE_STRIP = NO;
				DEBUG_INFORMATION_FORMAT = "dwarf-with-dsym";
				ENABLE_NS_ASSERTIONS = NO;
				ENABLE_STRICT_OBJC_MSGSEND = YES;
				GCC_C_LANGUAGE_STANDARD = gnu99;
				GCC_NO_COMMON_BLOCKS = YES;
				GCC_WARN_64_TO_32_BIT_CONVERSION = YES;
				GCC_WARN_ABOUT_RETURN_TYPE = YES_ERROR;
				GCC_WARN_UNDECLARED_SELECTOR = YES;
				GCC_WARN_UNINITIALIZED_AUTOS = YES_AGGRESSIVE;
				GCC_WARN_UNUSED_FUNCTION = YES;
				GCC_WARN_UNUSED_VARIABLE = YES;
				IPHONEOS_DEPLOYMENT_TARGET = 8.4;
				MTL_ENABLE_DEBUG_INFO = NO;
				SDKROOT = iphoneos;
				VALIDATE_PRODUCT = YES;
			};
			name = Release;
		};
		EF7BB7F11B92321B007B5FF7 /* Debug */ = {
			isa = XCBuildConfiguration;
			buildSettings = {
				ASSETCATALOG_COMPILER_APPICON_NAME = AppIcon;
				INFOPLIST_FILE = FlappyBirdApp/Info.plist;
				LD_RUNPATH_SEARCH_PATHS = "$(inherited) @executable_path/Frameworks";
				PRODUCT_NAME = "$(TARGET_NAME)";
			};
			name = Debug;
		};
		EF7BB7F21B92321B007B5FF7 /* Release */ = {
			isa = XCBuildConfiguration;
			buildSettings = {
				ASSETCATALOG_COMPILER_APPICON_NAME = AppIcon;
				INFOPLIST_FILE = FlappyBirdApp/Info.plist;
				LD_RUNPATH_SEARCH_PATHS = "$(inherited) @executable_path/Frameworks";
				PRODUCT_NAME = "$(TARGET_NAME)";
			};
			name = Release;
		};
		EF7BB7F41B92321B007B5FF7 /* Debug */ = {
			isa = XCBuildConfiguration;
			buildSettings = {
				BUNDLE_LOADER = "$(TEST_HOST)";
				FRAMEWORK_SEARCH_PATHS = (
					"$(SDKROOT)/Developer/Library/Frameworks",
					"$(inherited)",
				);
				GCC_PREPROCESSOR_DEFINITIONS = (
					"DEBUG=1",
					"$(inherited)",
				);
				INFOPLIST_FILE = FlappyBirdAppTests/Info.plist;
				LD_RUNPATH_SEARCH_PATHS = "$(inherited) @executable_path/Frameworks @loader_path/Frameworks";
				PRODUCT_NAME = "$(TARGET_NAME)";
				TEST_HOST = "$(BUILT_PRODUCTS_DIR)/FlappyBirdApp.app/FlappyBirdApp";
			};
			name = Debug;
		};
		EF7BB7F51B92321B007B5FF7 /* Release */ = {
			isa = XCBuildConfiguration;
			buildSettings = {
				BUNDLE_LOADER = "$(TEST_HOST)";
				FRAMEWORK_SEARCH_PATHS = (
					"$(SDKROOT)/Developer/Library/Frameworks",
					"$(inherited)",
				);
				INFOPLIST_FILE = FlappyBirdAppTests/Info.plist;
				LD_RUNPATH_SEARCH_PATHS = "$(inherited) @executable_path/Frameworks @loader_path/Frameworks";
				PRODUCT_NAME = "$(TARGET_NAME)";
				TEST_HOST = "$(BUILT_PRODUCTS_DIR)/FlappyBirdApp.app/FlappyBirdApp";
			};
			name = Release;
		};
/* End XCBuildConfiguration section */

/* Begin XCConfigurationList section */
		EF7BB7C81B92321B007B5FF7 /* Build configuration list for PBXProject "FlappyBirdApp" */ = {
			isa = XCConfigurationList;
			buildConfigurations = (
				EF7BB7EE1B92321B007B5FF7 /* Debug */,
				EF7BB7EF1B92321B007B5FF7 /* Release */,
			);
			defaultConfigurationIsVisible = 0;
			defaultConfigurationName = Release;
		};
		EF7BB7F01B92321B007B5FF7 /* Build configuration list for PBXNativeTarget "FlappyBirdApp" */ = {
			isa = XCConfigurationList;
			buildConfigurations = (
				EF7BB7F11B92321B007B5FF7 /* Debug */,
				EF7BB7F21B92321B007B5FF7 /* Release */,
			);
			defaultConfigurationIsVisible = 0;
		};
		EF7BB7F31B92321B007B5FF7 /* Build configuration list for PBXNativeTarget "FlappyBirdAppTests" */ = {
			isa = XCConfigurationList;
			buildConfigurations = (
				EF7BB7F41B92321B007B5FF7 /* Debug */,
				EF7BB7F51B92321B007B5FF7 /* Release */,
			);
			defaultConfigurationIsVisible = 0;
		};
/* End XCConfigurationList section */
	};
	rootObject = EF7BB7C51B92321B007B5FF7 /* Project object */;
}
